
Microsoft Visual Studio Solution File, Format Version 12.00
# Visual Studio Version 16
VisualStudioVersion = 16.0.33529.622
MinimumVisualStudioVersion = 10.0.40219.1
Project("{FAE04EC0-301F-11D3-BF4B-00C04F79EFBC}") = "WpfApp1", "WpfApp1\WpfApp1.csproj", "{C1B4A18C-BAFA-49A3-9CF0-D84E8DEC417A}"
EndProject
Global
	GlobalSection(SolutionConfigurationPlatforms) = preSolution
		Debug|Any CPU = Debug|Any CPU
		Release|Any CPU = Release|Any CPU
	EndGlobalSection
	GlobalSection(ProjectConfigurationPlatforms) = postSolution
		{C1B4A18C-BAFA-49A3-9CF0-D84E8DEC417A}.Debug|Any CPU.ActiveCfg = Debug|Any CPU
		{C1B4A18C-BAFA-49A3-9CF0-D84E8DEC417A}.Debug|Any CPU.Build.0 = Debug|Any CPU
		{C1B4A18C-BAFA-49A3-9CF0-D84E8DEC417A}.Release|Any CPU.ActiveCfg = Release|Any CPU
		{C1B4A18C-BAFA-49A3-9CF0-D84E8DEC417A}.Release|Any CPU.Build.0 = Release|Any CPU
	EndGlobalSection
	GlobalSection(SolutionProperties) = preSolution
		HideSolutionNode = FALSE
	EndGlobalSection
	GlobalSection(ExtensibilityGlobals) = postSolution
		SolutionGuid = {DBD5C1BE-AD15-4F7C-802C-F41ED64AD0E7}
	EndGlobalSection
EndGlobal
